
Microsoft Visual Studio Solution File, Format Version 12.00
# Visual Studio Version 17
VisualStudioVersion = 17.7.34018.315
MinimumVisualStudioVersion = 10.0.40219.1
Project("{9A19103F-16F7-4668-BE54-9A1E7A4F7556}") = "FileSystem", "FileSystem\FileSystem.csproj", "{1D92C58A-24B4-469E-AB3A-2E9E1B18F7AA}"
EndProject
Project("{9A19103F-16F7-4668-BE54-9A1E7A4F7556}") = "FileSystemTests", "FileSystemTests\FileSystemTests.csproj", "{CE1FEBCE-6538-4776-AB3B-1A5C91C43503}"
EndProject
Global
	GlobalSection(SolutionConfigurationPlatforms) = preSolution
		Debug|Any CPU = Debug|Any CPU
		Release|Any CPU = Release|Any CPU
	EndGlobalSection
	GlobalSection(ProjectConfigurationPlatforms) = postSolution
		{1D92C58A-24B4-469E-AB3A-2E9E1B18F7AA}.Debug|Any CPU.ActiveCfg = Debug|Any CPU
		{1D92C58A-24B4-469E-AB3A-2E9E1B18F7AA}.Debug|Any CPU.Build.0 = Debug|Any CPU
		{1D92C58A-24B4-469E-AB3A-2E9E1B18F7AA}.Release|Any CPU.ActiveCfg = Release|Any CPU
		{1D92C58A-24B4-469E-AB3A-2E9E1B18F7AA}.Release|Any CPU.Build.0 = Release|Any CPU
		{CE1FEBCE-6538-4776-AB3B-1A5C91C43503}.Debug|Any CPU.ActiveCfg = Debug|Any CPU
		{CE1FEBCE-6538-4776-AB3B-1A5C91C43503}.Debug|Any CPU.Build.0 = Debug|Any CPU
		{CE1FEBCE-6538-4776-AB3B-1A5C91C43503}.Release|Any CPU.ActiveCfg = Release|Any CPU
		{CE1FEBCE-6538-4776-AB3B-1A5C91C43503}.Release|Any CPU.Build.0 = Release|Any CPU
	EndGlobalSection
	GlobalSection(SolutionProperties) = preSolution
		HideSolutionNode = FALSE
	EndGlobalSection
	GlobalSection(ExtensibilityGlobals) = postSolution
		SolutionGuid = {043CF0CF-1937-4401-B7EE-81EEC13B1A5C}
	EndGlobalSection
EndGlobal
